
Microsoft Visual Studio Solution File, Format Version 12.00
# Visual Studio Version 17
VisualStudioVersion = 17.7.34031.279
MinimumVisualStudioVersion = 10.0.40219.1
Project("{FAE04EC0-301F-11D3-BF4B-00C04F79EFBC}") = "ContactsAPI", "ContactsAPI\ContactsAPI.csproj", "{BBB18900-F968-49B9-A3A3-5F0E59856F89}"
EndProject
Global
	GlobalSection(SolutionConfigurationPlatforms) = preSolution
		Debug|Any CPU = Debug|Any CPU
		Release|Any CPU = Release|Any CPU
	EndGlobalSection
	GlobalSection(ProjectConfigurationPlatforms) = postSolution
		{BBB18900-F968-49B9-A3A3-5F0E59856F89}.Debug|Any CPU.ActiveCfg = Debug|Any CPU
		{BBB18900-F968-49B9-A3A3-5F0E59856F89}.Debug|Any CPU.Build.0 = Debug|Any CPU
		{BBB18900-F968-49B9-A3A3-5F0E59856F89}.Release|Any CPU.ActiveCfg = Release|Any CPU
		{BBB18900-F968-49B9-A3A3-5F0E59856F89}.Release|Any CPU.Build.0 = Release|Any CPU
	EndGlobalSection
	GlobalSection(SolutionProperties) = preSolution
		HideSolutionNode = FALSE
	EndGlobalSection
	GlobalSection(ExtensibilityGlobals) = postSolution
		SolutionGuid = {CAD1F2EC-2A6A-41C2-B2FE-4E772AD06F81}
	EndGlobalSection
EndGlobal
